<?xml version="1.0" encoding="utf-8"?>
<Project ToolsVersion="4.0" xmlns="http://schemas.microsoft.com/developer/msbuild/2003">
  <ItemGroup>
    <Filter Include="File di origine">
      <UniqueIdentifier>{4FC737F1-C7A5-4376-A066-2A32D752A2FF}</UniqueIdentifier>
      <Extensions>cpp;c;cc;cxx;def;odl;idl;hpj;bat;asm;asmx</Extensions>
    </Filter>
    <Filter Include="File di intestazione">
      <UniqueIdentifier>{93995380-89BD-4b04-88EB-625FBE52EBFB}</UniqueIdentifier>
      <Extensions>h;hh;hpp;hxx;hm;inl;inc;ipp;xsd</Extensions>
    </Filter>
    <Filter Include="File di risorse">
      <UniqueIdentifier>{67DA6AB6-F800-4c08-8B7A-83BB121AAD01}</UniqueIdentifier>
      <Extensions>rc;ico;cur;bmp;dlg;rc2;rct;bin;rgs;gif;jpg;jpeg;jpe;resx;tiff;tif;png;wav;mfcribbon-ms</Extensions>
    </Filter>
    <Filter Include="File di origine\GldCore">
      <UniqueIdentifier>{5bbd476c-c0ee-44e1-9906-17109d06115f}</UniqueIdentifier>
    </Filter>
    <Filter Include="File di origine\GldAssets">
      <UniqueIdentifier>{5d84f2a6-72c2-49d8-ad0f-b5e944a06c24}</UniqueIdentifier>
    </Filter>
    <Filter Include="File di origine\GldMisc">
      <UniqueIdentifier>{c1af5221-3920-409d-b6f9-f1f4547b5907}</UniqueIdentifier>
    </Filter>
    <Filter Include="File di origine\GldRes">
      <UniqueIdentifier>{8c99de1e-17e6-47c1-a70f-4d8db8b0434b}</UniqueIdentifier>
    </Filter>
  </ItemGroup>
  <ItemGroup>
    <ClInclude Include="stdafx.h">
      <Filter>File di intestazione</Filter>
    </ClInclude>
    <ClInclude Include="targetver.h">
      <Filter>File di intestazione</Filter>
    </ClInclude>
    <ClInclude Include="Resource.h">
      <Filter>File di intestazione</Filter>
    </ClInclude>
    <ClInclude Include="GldSimulator.h">
      <Filter>File di intestazione</Filter>
    </ClInclude>
  </ItemGroup>
  <ItemGroup>
    <ClCompile Include="stdafx.cpp">
      <Filter>File di origine</Filter>
    </ClCompile>
    <ClCompile Include="GldSimulator.cpp">
      <Filter>File di origine</Filter>
    </ClCompile>
    <ClCompile Include="Source\App.c">
      <Filter>File di origine</Filter>
    </ClCompile>
    <ClCompile Include="Source\BkeHalDisp.c">
      <Filter>File di origine</Filter>
    </ClCompile>
    <ClCompile Include="Source\BkeHalTimer.c">
      <Filter>File di origine</Filter>
    </ClCompile>
    <ClCompile Include="Source\BkeHalTouch.c">
      <Filter>File di origine</Filter>
    </ClCompile>
    <ClCompile Include="..\..\GldCore\Gld.c">
      <Filter>File di origine\GldCore</Filter>
    </ClCompile>
    <ClCompile Include="..\..\GldCore\GldBoost.c">
      <Filter>File di origine\GldCore</Filter>
    </ClCompile>
    <ClCompile Include="..\..\GldCore\GldDisp.c">
      <Filter>File di origine\GldCore</Filter>
    </ClCompile>
    <ClCompile Include="..\..\GldCore\GldDraw.c">
      <Filter>File di origine\GldCore</Filter>
    </ClCompile>
    <ClCompile Include="..\..\GldCore\GldDrawOpt.c">
      <Filter>File di origine\GldCore</Filter>
    </ClCompile>
    <ClCompile Include="..\..\GldCore\GldDrawStd.c">
      <Filter>File di origine\GldCore</Filter>
    </ClCompile>
    <ClCompile Include="..\..\GldCore\GldMemFb.c">
      <Filter>File di origine\GldCore</Filter>
    </ClCompile>
    <ClCompile Include="..\..\GldCore\GldObj.c">
      <Filter>File di origine\GldCore</Filter>
    </ClCompile>
    <ClCompile Include="..\..\GldCore\GldRefr.c">
      <Filter>File di origine\GldCore</Filter>
    </ClCompile>
    <ClCompile Include="..\..\GldCore\GldTimer.c">
      <Filter>File di origine\GldCore</Filter>
    </ClCompile>
    <ClCompile Include="..\..\GldCore\GldTouch.c">
      <Filter>File di origine\GldCore</Filter>
    </ClCompile>
    <ClCompile Include="..\..\GldAssets\GldActivity.c">
      <Filter>File di origine\GldAssets</Filter>
    </ClCompile>
    <ClCompile Include="..\..\GldAssets\ObjButton.c">
      <Filter>File di origine\GldAssets</Filter>
    </ClCompile>
    <ClCompile Include="..\..\GldAssets\ObjCustom.c">
      <Filter>File di origine\GldAssets</Filter>
    </ClCompile>
    <ClCompile Include="..\..\GldAssets\ObjImage.c">
      <Filter>File di origine\GldAssets</Filter>
    </ClCompile>
    <ClCompile Include="..\..\GldAssets\ObjLabel.c">
      <Filter>File di origine\GldAssets</Filter>
    </ClCompile>
    <ClCompile Include="..\..\GldAssets\ObjNumber.c">
      <Filter>File di origine\GldAssets</Filter>
    </ClCompile>
    <ClCompile Include="..\..\GldAssets\ObjProgressBar.c">
      <Filter>File di origine\GldAssets</Filter>
    </ClCompile>
    <ClCompile Include="..\..\GldMisc\GldColor.c">
      <Filter>File di origine\GldMisc</Filter>
    </ClCompile>
    <ClCompile Include="..\..\GldMisc\GldCoord.c">
      <Filter>File di origine\GldMisc</Filter>
    </ClCompile>
    <ClCompile Include="..\..\GldMisc\GldLlist.c">
      <Filter>File di origine\GldMisc</Filter>
    </ClCompile>
    <ClCompile Include="..\..\GldMisc\GldMisc.c">
      <Filter>File di origine\GldMisc</Filter>
    </ClCompile>
    <ClCompile Include="..\..\GldMisc\GldRect.c">
      <Filter>File di origine\GldMisc</Filter>
    </ClCompile>
    <ClCompile Include="..\..\GldAssets\GldAssets.c">
      <Filter>File di origine\GldAssets</Filter>
    </ClCompile>
    <ClCompile Include="..\..\GldRes\GldFont.c">
      <Filter>File di origine\GldRes</Filter>
    </ClCompile>
    <ClCompile Include="..\..\GldRes\GldImg.c">
      <Filter>File di origine\GldRes</Filter>
    </ClCompile>
    <ClCompile Include="..\..\GldRes\GldTxt.c">
      <Filter>File di origine\GldRes</Filter>
    </ClCompile>
  </ItemGroup>
  <ItemGroup>
    <ResourceCompile Include="GldSimulator.rc">
      <Filter>File di risorse</Filter>
    </ResourceCompile>
  </ItemGroup>
</Project>